
Microsoft Visual Studio Solution File, Format Version 12.00
# Visual Studio Version 17
VisualStudioVersion = 17.6.33723.286
MinimumVisualStudioVersion = 10.0.40219.1
Project("{FAE04EC0-301F-11D3-BF4B-00C04F79EFBC}") = "TaskDay2", "TaskDay2.csproj", "{1563541B-1074-4F9D-A5E7-F39B4B94C510}"
EndProject
Global
	GlobalSection(SolutionConfigurationPlatforms) = preSolution
		Debug|Any CPU = Debug|Any CPU
		Release|Any CPU = Release|Any CPU
	EndGlobalSection
	GlobalSection(ProjectConfigurationPlatforms) = postSolution
		{1563541B-1074-4F9D-A5E7-F39B4B94C510}.Debug|Any CPU.ActiveCfg = Debug|Any CPU
		{1563541B-1074-4F9D-A5E7-F39B4B94C510}.Debug|Any CPU.Build.0 = Debug|Any CPU
		{1563541B-1074-4F9D-A5E7-F39B4B94C510}.Release|Any CPU.ActiveCfg = Release|Any CPU
		{1563541B-1074-4F9D-A5E7-F39B4B94C510}.Release|Any CPU.Build.0 = Release|Any CPU
	EndGlobalSection
	GlobalSection(SolutionProperties) = preSolution
		HideSolutionNode = FALSE
	EndGlobalSection
	GlobalSection(ExtensibilityGlobals) = postSolution
		SolutionGuid = {7A6D3358-AC85-474D-A639-416AB8DA998F}
	EndGlobalSection
EndGlobal
